
Microsoft Visual Studio Solution File, Format Version 12.00
# Visual Studio Version 17
VisualStudioVersion = 17.13.35919.96 d17.13
MinimumVisualStudioVersion = 10.0.40219.1
Project("{FAE04EC0-301F-11D3-BF4B-00C04F79EFBC}") = "WinFormsTabControl", "WinFormsTabControl\WinFormsTabControl.csproj", "{702C567C-D8E4-4272-8555-D39A6DEC0DA1}"
EndProject
Global
	GlobalSection(SolutionConfigurationPlatforms) = preSolution
		Debug|Any CPU = Debug|Any CPU
		Release|Any CPU = Release|Any CPU
	EndGlobalSection
	GlobalSection(ProjectConfigurationPlatforms) = postSolution
		{702C567C-D8E4-4272-8555-D39A6DEC0DA1}.Debug|Any CPU.ActiveCfg = Debug|Any CPU
		{702C567C-D8E4-4272-8555-D39A6DEC0DA1}.Debug|Any CPU.Build.0 = Debug|Any CPU
		{702C567C-D8E4-4272-8555-D39A6DEC0DA1}.Release|Any CPU.ActiveCfg = Release|Any CPU
		{702C567C-D8E4-4272-8555-D39A6DEC0DA1}.Release|Any CPU.Build.0 = Release|Any CPU
	EndGlobalSection
	GlobalSection(SolutionProperties) = preSolution
		HideSolutionNode = FALSE
	EndGlobalSection
	GlobalSection(ExtensibilityGlobals) = postSolution
		SolutionGuid = {FB3380BF-12BB-49A9-8014-CF5A540DD7FC}
	EndGlobalSection
EndGlobal
